
Microsoft Visual Studio Solution File, Format Version 12.00
# Visual Studio Version 17
VisualStudioVersion = 17.0.31903.59
MinimumVisualStudioVersion = 10.0.40219.1
Project("{E53339B2-1760-4266-BCC7-CA923CBCF16C}") = "docker-compose", "docker-compose.dcproj", "{F799A31D-E174-4055-9E1E-840BCBC4DFAA}"
EndProject
Project("{9A19103F-16F7-4668-BE54-9A1E7A4F7556}") = "DB", "DB\DB.csproj", "{F24656F3-FF98-4C2C-AC51-85619CD65C7E}"
EndProject
Project("{9A19103F-16F7-4668-BE54-9A1E7A4F7556}") = "DoctorUI", "DoctorUI\DoctorUI.csproj", "{3B109635-127D-4A00-9A2A-D513F6C7AE84}"
EndProject
Project("{9A19103F-16F7-4668-BE54-9A1E7A4F7556}") = "Helpers", "Helpers\Helpers.csproj", "{7D491908-1C98-47CF-A8B5-6B1279B15D69}"
EndProject
Project("{FAE04EC0-301F-11D3-BF4B-00C04F79EFBC}") = "MeasurementService", "MeasurementService\MeasurementService.csproj", "{0782CD94-FBF7-4AAE-B671-94BD0172C6D3}"
EndProject
Project("{FAE04EC0-301F-11D3-BF4B-00C04F79EFBC}") = "PatientService", "PatientService\PatientService.csproj", "{4D9C93BA-E2E0-4340-BA9F-588383531079}"
EndProject
Global
	GlobalSection(SolutionConfigurationPlatforms) = preSolution
		Debug|Any CPU = Debug|Any CPU
		Release|Any CPU = Release|Any CPU
	EndGlobalSection
	GlobalSection(ProjectConfigurationPlatforms) = postSolution
		{F799A31D-E174-4055-9E1E-840BCBC4DFAA}.Debug|Any CPU.ActiveCfg = Debug|Any CPU
		{F799A31D-E174-4055-9E1E-840BCBC4DFAA}.Debug|Any CPU.Build.0 = Debug|Any CPU
		{F799A31D-E174-4055-9E1E-840BCBC4DFAA}.Release|Any CPU.ActiveCfg = Release|Any CPU
		{F799A31D-E174-4055-9E1E-840BCBC4DFAA}.Release|Any CPU.Build.0 = Release|Any CPU
		{F24656F3-FF98-4C2C-AC51-85619CD65C7E}.Debug|Any CPU.ActiveCfg = Debug|Any CPU
		{F24656F3-FF98-4C2C-AC51-85619CD65C7E}.Debug|Any CPU.Build.0 = Debug|Any CPU
		{F24656F3-FF98-4C2C-AC51-85619CD65C7E}.Release|Any CPU.ActiveCfg = Release|Any CPU
		{F24656F3-FF98-4C2C-AC51-85619CD65C7E}.Release|Any CPU.Build.0 = Release|Any CPU
		{3B109635-127D-4A00-9A2A-D513F6C7AE84}.Debug|Any CPU.ActiveCfg = Debug|Any CPU
		{3B109635-127D-4A00-9A2A-D513F6C7AE84}.Debug|Any CPU.Build.0 = Debug|Any CPU
		{3B109635-127D-4A00-9A2A-D513F6C7AE84}.Release|Any CPU.ActiveCfg = Release|Any CPU
		{3B109635-127D-4A00-9A2A-D513F6C7AE84}.Release|Any CPU.Build.0 = Release|Any CPU
		{7D491908-1C98-47CF-A8B5-6B1279B15D69}.Debug|Any CPU.ActiveCfg = Debug|Any CPU
		{7D491908-1C98-47CF-A8B5-6B1279B15D69}.Debug|Any CPU.Build.0 = Debug|Any CPU
		{7D491908-1C98-47CF-A8B5-6B1279B15D69}.Release|Any CPU.ActiveCfg = Release|Any CPU
		{7D491908-1C98-47CF-A8B5-6B1279B15D69}.Release|Any CPU.Build.0 = Release|Any CPU
		{0782CD94-FBF7-4AAE-B671-94BD0172C6D3}.Debug|Any CPU.ActiveCfg = Debug|Any CPU
		{0782CD94-FBF7-4AAE-B671-94BD0172C6D3}.Debug|Any CPU.Build.0 = Debug|Any CPU
		{0782CD94-FBF7-4AAE-B671-94BD0172C6D3}.Release|Any CPU.ActiveCfg = Release|Any CPU
		{0782CD94-FBF7-4AAE-B671-94BD0172C6D3}.Release|Any CPU.Build.0 = Release|Any CPU
		{4D9C93BA-E2E0-4340-BA9F-588383531079}.Debug|Any CPU.ActiveCfg = Debug|Any CPU
		{4D9C93BA-E2E0-4340-BA9F-588383531079}.Debug|Any CPU.Build.0 = Debug|Any CPU
		{4D9C93BA-E2E0-4340-BA9F-588383531079}.Release|Any CPU.ActiveCfg = Release|Any CPU
		{4D9C93BA-E2E0-4340-BA9F-588383531079}.Release|Any CPU.Build.0 = Release|Any CPU
	EndGlobalSection
	GlobalSection(SolutionProperties) = preSolution
		HideSolutionNode = FALSE
	EndGlobalSection
	GlobalSection(ExtensibilityGlobals) = postSolution
		SolutionGuid = {32B74C39-8D77-440C-9A69-A6DC3F163204}
	EndGlobalSection
EndGlobal
